
Microsoft Visual Studio Solution File, Format Version 12.00
# Visual Studio Version 17
VisualStudioVersion = 17.6.33829.357
MinimumVisualStudioVersion = 10.0.40219.1
Project("{FAE04EC0-301F-11D3-BF4B-00C04F79EFBC}") = "Orion", "Orion\Orion.csproj", "{DE510501-2695-40B7-90B9-BE296786BD16}"
EndProject
Global
	GlobalSection(SolutionConfigurationPlatforms) = preSolution
		Debug|Any CPU = Debug|Any CPU
		Release|Any CPU = Release|Any CPU
	EndGlobalSection
	GlobalSection(ProjectConfigurationPlatforms) = postSolution
		{DE510501-2695-40B7-90B9-BE296786BD16}.Debug|Any CPU.ActiveCfg = Debug|Any CPU
		{DE510501-2695-40B7-90B9-BE296786BD16}.Debug|Any CPU.Build.0 = Debug|Any CPU
		{DE510501-2695-40B7-90B9-BE296786BD16}.Release|Any CPU.ActiveCfg = Release|Any CPU
		{DE510501-2695-40B7-90B9-BE296786BD16}.Release|Any CPU.Build.0 = Release|Any CPU
	EndGlobalSection
	GlobalSection(SolutionProperties) = preSolution
		HideSolutionNode = FALSE
	EndGlobalSection
	GlobalSection(ExtensibilityGlobals) = postSolution
		SolutionGuid = {316E5810-F059-4D74-9DD2-BB55BD40C162}
	EndGlobalSection
EndGlobal
